{
  "pins" : [
    {
      "identity" : "coordinatorkit",
      "kind" : "remoteSourceControl",
      "location" : "https://github.com/kotostrophe/CoordinatorKit",
      "state" : {
        "branch" : "main",
        "revision" : "940e98d1ee341a0dfb6b5417edd497e50811eb67"
      }
    },
    {
      "identity" : "deepcoordinatorkit",
      "kind" : "remoteSourceControl",
      "location" : "https://github.com/kotostrophe/DeepCoordinatorKit",
      "state" : {
        "branch" : "main",
        "revision" : "035d08ed1eea5c0db81ec7de012bfdcdb7ef334d"
      }
    },
    {
      "identity" : "swiftyjson",
      "kind" : "remoteSourceControl",
      "location" : "https://github.com/SwiftyJSON/SwiftyJSON",
      "state" : {
        "revision" : "b3dcd7dbd0d488e1a7077cb33b00f2083e382f07",
        "version" : "5.0.1"
      }
    }
  ],
  "version" : 2
}
