{
  "pins" : [
    {
      "identity" : "coordinatorkit",
      "kind" : "remoteSourceControl",
      "location" : "https://github.com/kotostrophe/CoordinatorKit",
      "state" : {
        "revision" : "45ccdfdfae16902060335a52293915a92e3c8714",
        "version" : "1.0.0"
      }
    },
    {
      "identity" : "deepcoordinatorkit",
      "kind" : "remoteSourceControl",
      "location" : "https://github.com/kotostrophe/DeepCoordinatorKit",
      "state" : {
        "revision" : "23c5aa00097f482a9b6346fb8a3c5156fb0e8042",
        "version" : "1.0.2"
      }
    },
    {
      "identity" : "swiftyjson",
      "kind" : "remoteSourceControl",
      "location" : "https://github.com/SwiftyJSON/SwiftyJSON",
      "state" : {
        "revision" : "b3dcd7dbd0d488e1a7077cb33b00f2083e382f07",
        "version" : "5.0.1"
      }
    }
  ],
  "version" : 2
}
